// !$*UTF8*$!
{
	archiveVersion = 1;
	classes = {
	};
	objectVersion = 48;
	objects = {

/* Begin PBXBuildFile section */
		2E7AA0A41FCFB84200E51EA9 /* AppDelegate.swift in Sources */ = {isa = PBXBuildFile; fileRef = 2E7AA0A31FCFB84200E51EA9 /* AppDelegate.swift */; };
		2E7AA0A81FCFB84200E51EA9 /* Assets.xcassets in Resources */ = {isa = PBXBuildFile; fileRef = 2E7AA0A71FCFB84200E51EA9 /* Assets.xcassets */; };
		2E7AA0AB1FCFB84200E51EA9 /* Main.storyboard in Resources */ = {isa = PBXBuildFile; fileRef = 2E7AA0A91FCFB84200E51EA9 /* Main.storyboard */; };
		2E7AA0B71FCFB84200E51EA9 /* Pacman_AgentTests.swift in Sources */ = {isa = PBXBuildFile; fileRef = 2E7AA0B61FCFB84200E51EA9 /* Pacman_AgentTests.swift */; };
		2E7AA0D91FD51FE700E51EA9 /* ApplicationManager.swift in Sources */ = {isa = PBXBuildFile; fileRef = 2E7AA0CF1FD51FE700E51EA9 /* ApplicationManager.swift */; };
		2E7AA0DB1FD51FE700E51EA9 /* NSImage+Extensions.swift in Sources */ = {isa = PBXBuildFile; fileRef = 2E7AA0D31FD51FE700E51EA9 /* NSImage+Extensions.swift */; };
		2E7AA0DC1FD51FE700E51EA9 /* WindowCapture.swift in Sources */ = {isa = PBXBuildFile; fileRef = 2E7AA0D41FD51FE700E51EA9 /* WindowCapture.swift */; };
		2E7AA0DD1FD51FE700E51EA9 /* WindowCaptureHelper.m in Sources */ = {isa = PBXBuildFile; fileRef = 2E7AA0D51FD51FE700E51EA9 /* WindowCaptureHelper.m */; };
		2E7AA0DE1FD51FE700E51EA9 /* GameConstants.swift in Sources */ = {isa = PBXBuildFile; fileRef = 2E7AA0D81FD51FE700E51EA9 /* GameConstants.swift */; };
		2E7AA0E21FD5215400E51EA9 /* GameTile.swift in Sources */ = {isa = PBXBuildFile; fileRef = 2E7AA0E11FD5215400E51EA9 /* GameTile.swift */; };
		2E7AA0E71FD71E8A00E51EA9 /* WindowSliderHelper.m in Sources */ = {isa = PBXBuildFile; fileRef = 2E7AA0E61FD71E8A00E51EA9 /* WindowSliderHelper.m */; };
		2E98FE161FE979CD0080EA10 /* VisionConstants.mm in Sources */ = {isa = PBXBuildFile; fileRef = 2E98FE151FE979CD0080EA10 /* VisionConstants.mm */; };
		2E98FE191FE97A000080EA10 /* TileMatcher+Descriptions.mm in Sources */ = {isa = PBXBuildFile; fileRef = 2E98FE181FE97A000080EA10 /* TileMatcher+Descriptions.mm */; };
		2ECB2E9E1FD8568700A81539 /* AgentSettingsViewController.swift in Sources */ = {isa = PBXBuildFile; fileRef = 2ECB2E9D1FD8568700A81539 /* AgentSettingsViewController.swift */; };
		2ECB2EA31FD8574300A81539 /* RootWindowController.swift in Sources */ = {isa = PBXBuildFile; fileRef = 2ECB2EA21FD8574300A81539 /* RootWindowController.swift */; };
		2ECB2EA51FD8581B00A81539 /* ImageClassifierViewController.swift in Sources */ = {isa = PBXBuildFile; fileRef = 2ECB2EA41FD8581B00A81539 /* ImageClassifierViewController.swift */; };
		2ECB2EA91FD870EE00A81539 /* SettingsCell.swift in Sources */ = {isa = PBXBuildFile; fileRef = 2ECB2EA81FD870EE00A81539 /* SettingsCell.swift */; };
		2ECB2EAB1FD8803000A81539 /* CheckboxSettingCell.swift in Sources */ = {isa = PBXBuildFile; fileRef = 2ECB2EAA1FD8803000A81539 /* CheckboxSettingCell.swift */; };
		2ECB2EAD1FD8838300A81539 /* NSView+Extensions.swift in Sources */ = {isa = PBXBuildFile; fileRef = 2ECB2EAC1FD8838300A81539 /* NSView+Extensions.swift */; };
		2ECB2EAF1FD8875900A81539 /* Settings.swift in Sources */ = {isa = PBXBuildFile; fileRef = 2ECB2EAE1FD8875900A81539 /* Settings.swift */; };
		2ECB2EB11FD88A5100A81539 /* NumericalInputSettingCell.swift in Sources */ = {isa = PBXBuildFile; fileRef = 2ECB2EB01FD88A5100A81539 /* NumericalInputSettingCell.swift */; };
		2ECB2EB31FD8911100A81539 /* NSTextField+Extensions.swift in Sources */ = {isa = PBXBuildFile; fileRef = 2ECB2EB21FD8911100A81539 /* NSTextField+Extensions.swift */; };
		2ECB2EB81FD8B9CB00A81539 /* libtensorflow-core.a in Frameworks */ = {isa = PBXBuildFile; fileRef = 2ECB2EB71FD8B9CB00A81539 /* libtensorflow-core.a */; };
		2ECB2EBB1FD8BC3800A81539 /* libprotobuf-lite.a in Frameworks */ = {isa = PBXBuildFile; fileRef = 2ECB2EB91FD8BC3800A81539 /* libprotobuf-lite.a */; };
		2ECB2EBC1FD8BC3800A81539 /* libprotobuf.a in Frameworks */ = {isa = PBXBuildFile; fileRef = 2ECB2EBA1FD8BC3800A81539 /* libprotobuf.a */; };
		2ECB2EBE1FD8BD8000A81539 /* Accelerate.framework in Frameworks */ = {isa = PBXBuildFile; fileRef = 2ECB2EBD1FD8BD7900A81539 /* Accelerate.framework */; };
		2ECB2EC61FD8C36F00A81539 /* nsync.a in Frameworks */ = {isa = PBXBuildFile; fileRef = 2ECB2EC51FD8C36F00A81539 /* nsync.a */; };
		2ECB2EC91FDA523300A81539 /* TileMatcher.mm in Sources */ = {isa = PBXBuildFile; fileRef = 2ECB2EC81FDA523300A81539 /* TileMatcher.mm */; };
		2EFCDBB41FE9EC4C009C15E7 /* TileDebugTextView.swift in Sources */ = {isa = PBXBuildFile; fileRef = 2EFCDBB31FE9EC4C009C15E7 /* TileDebugTextView.swift */; };
		2EFCDBB61FEB6AD3009C15E7 /* DataCleanerViewController.swift in Sources */ = {isa = PBXBuildFile; fileRef = 2EFCDBB51FEB6AD3009C15E7 /* DataCleanerViewController.swift */; };
		2EFCDBB81FEB6B01009C15E7 /* ClassificationSelectionView.swift in Sources */ = {isa = PBXBuildFile; fileRef = 2EFCDBB71FEB6B01009C15E7 /* ClassificationSelectionView.swift */; };
		2EFCDBC11FEDAA8B009C15E7 /* PipelineNode.swift in Sources */ = {isa = PBXBuildFile; fileRef = 2EFCDBC01FEDAA8A009C15E7 /* PipelineNode.swift */; };
		2EFCDBC31FEDAAAD009C15E7 /* WindowCaptureNode.swift in Sources */ = {isa = PBXBuildFile; fileRef = 2EFCDBC21FEDAAAD009C15E7 /* WindowCaptureNode.swift */; };
		2EFCDBC71FEDABE3009C15E7 /* Pipeline.swift in Sources */ = {isa = PBXBuildFile; fileRef = 2EFCDBC61FEDABE3009C15E7 /* Pipeline.swift */; };
		2EFCDBC91FEDAC1E009C15E7 /* WindowSliderNode.swift in Sources */ = {isa = PBXBuildFile; fileRef = 2EFCDBC81FEDAC1E009C15E7 /* WindowSliderNode.swift */; };
		2EFCDBCB1FEDAC2B009C15E7 /* TileClassifierNode.swift in Sources */ = {isa = PBXBuildFile; fileRef = 2EFCDBCA1FEDAC2B009C15E7 /* TileClassifierNode.swift */; };
		2EFCDBCD1FEDAC3A009C15E7 /* UnknownTileSaverNode.swift in Sources */ = {isa = PBXBuildFile; fileRef = 2EFCDBCC1FEDAC3A009C15E7 /* UnknownTileSaverNode.swift */; };
		2EFCDBCF1FEDAC59009C15E7 /* VisionTrainingCollectionNode.swift in Sources */ = {isa = PBXBuildFile; fileRef = 2EFCDBCE1FEDAC59009C15E7 /* VisionTrainingCollectionNode.swift */; };
		2EFCDBD11FEDAC72009C15E7 /* DebugProcessingNode.swift in Sources */ = {isa = PBXBuildFile; fileRef = 2EFCDBD01FEDAC72009C15E7 /* DebugProcessingNode.swift */; };
		2EFCDBD51FEF524B009C15E7 /* VisionPipeline.swift in Sources */ = {isa = PBXBuildFile; fileRef = 2EFCDBD41FEF524B009C15E7 /* VisionPipeline.swift */; };
		2EFCDBD81FEF6768009C15E7 /* DatasetManager.swift in Sources */ = {isa = PBXBuildFile; fileRef = 2EFCDBD71FEF6768009C15E7 /* DatasetManager.swift */; };
/* End PBXBuildFile section */

/* Begin PBXContainerItemProxy section */
		2E7AA0B31FCFB84200E51EA9 /* PBXContainerItemProxy */ = {
			isa = PBXContainerItemProxy;
			containerPortal = 2E7AA0981FCFB84200E51EA9 /* Project object */;
			proxyType = 1;
			remoteGlobalIDString = 2E7AA09F1FCFB84200E51EA9;
			remoteInfo = "Pacman Agent";
		};
/* End PBXContainerItemProxy section */

/* Begin PBXFileReference section */
		2E7AA0A01FCFB84200E51EA9 /* Pacman Agent.app */ = {isa = PBXFileReference; explicitFileType = wrapper.application; includeInIndex = 0; path = "Pacman Agent.app"; sourceTree = BUILT_PRODUCTS_DIR; };
		2E7AA0A31FCFB84200E51EA9 /* AppDelegate.swift */ = {isa = PBXFileReference; lastKnownFileType = sourcecode.swift; path = AppDelegate.swift; sourceTree = "<group>"; };
		2E7AA0A71FCFB84200E51EA9 /* Assets.xcassets */ = {isa = PBXFileReference; lastKnownFileType = folder.assetcatalog; path = Assets.xcassets; sourceTree = "<group>"; };
		2E7AA0AA1FCFB84200E51EA9 /* Base */ = {isa = PBXFileReference; lastKnownFileType = file.storyboard; name = Base; path = Base.lproj/Main.storyboard; sourceTree = "<group>"; };
		2E7AA0AC1FCFB84200E51EA9 /* Info.plist */ = {isa = PBXFileReference; lastKnownFileType = text.plist.xml; path = Info.plist; sourceTree = "<group>"; };
		2E7AA0AD1FCFB84200E51EA9 /* Pacman_Agent.entitlements */ = {isa = PBXFileReference; lastKnownFileType = text.plist.entitlements; path = Pacman_Agent.entitlements; sourceTree = "<group>"; };
		2E7AA0B21FCFB84200E51EA9 /* Pacman AgentTests.xctest */ = {isa = PBXFileReference; explicitFileType = wrapper.cfbundle; includeInIndex = 0; path = "Pacman AgentTests.xctest"; sourceTree = BUILT_PRODUCTS_DIR; };
		2E7AA0B61FCFB84200E51EA9 /* Pacman_AgentTests.swift */ = {isa = PBXFileReference; lastKnownFileType = sourcecode.swift; path = Pacman_AgentTests.swift; sourceTree = "<group>"; };
		2E7AA0B81FCFB84200E51EA9 /* Info.plist */ = {isa = PBXFileReference; lastKnownFileType = text.plist.xml; path = Info.plist; sourceTree = "<group>"; };
		2E7AA0C51FD1FEEB00E51EA9 /* Pacman Agent-Bridging-Header.h */ = {isa = PBXFileReference; lastKnownFileType = sourcecode.c.h; path = "Pacman Agent-Bridging-Header.h"; sourceTree = "<group>"; };
		2E7AA0CB1FD31D3100E51EA9 /* Pacman Agent.entitlements */ = {isa = PBXFileReference; lastKnownFileType = text.plist.entitlements; path = "Pacman Agent.entitlements"; sourceTree = "<group>"; };
		2E7AA0CF1FD51FE700E51EA9 /* ApplicationManager.swift */ = {isa = PBXFileReference; fileEncoding = 4; lastKnownFileType = sourcecode.swift; path = ApplicationManager.swift; sourceTree = "<group>"; };
		2E7AA0D31FD51FE700E51EA9 /* NSImage+Extensions.swift */ = {isa = PBXFileReference; fileEncoding = 4; lastKnownFileType = sourcecode.swift; path = "NSImage+Extensions.swift"; sourceTree = "<group>"; };
		2E7AA0D41FD51FE700E51EA9 /* WindowCapture.swift */ = {isa = PBXFileReference; fileEncoding = 4; lastKnownFileType = sourcecode.swift; path = WindowCapture.swift; sourceTree = "<group>"; };
		2E7AA0D51FD51FE700E51EA9 /* WindowCaptureHelper.m */ = {isa = PBXFileReference; fileEncoding = 4; lastKnownFileType = sourcecode.c.objc; path = WindowCaptureHelper.m; sourceTree = "<group>"; };
		2E7AA0D61FD51FE700E51EA9 /* WindowCaptureHelper.h */ = {isa = PBXFileReference; fileEncoding = 4; lastKnownFileType = sourcecode.c.h; path = WindowCaptureHelper.h; sourceTree = "<group>"; };
		2E7AA0D81FD51FE700E51EA9 /* GameConstants.swift */ = {isa = PBXFileReference; fileEncoding = 4; lastKnownFileType = sourcecode.swift; path = GameConstants.swift; sourceTree = "<group>"; };
		2E7AA0E11FD5215400E51EA9 /* GameTile.swift */ = {isa = PBXFileReference; lastKnownFileType = sourcecode.swift; path = GameTile.swift; sourceTree = "<group>"; };
		2E7AA0E51FD71E8A00E51EA9 /* WindowSliderHelper.h */ = {isa = PBXFileReference; lastKnownFileType = sourcecode.c.h; path = WindowSliderHelper.h; sourceTree = "<group>"; };
		2E7AA0E61FD71E8A00E51EA9 /* WindowSliderHelper.m */ = {isa = PBXFileReference; lastKnownFileType = sourcecode.c.objc; path = WindowSliderHelper.m; sourceTree = "<group>"; };
		2E98FE141FE979CD0080EA10 /* VisionConstants.h */ = {isa = PBXFileReference; lastKnownFileType = sourcecode.c.h; name = VisionConstants.h; path = "Pacman Agent/vision_helpers/VisionConstants.h"; sourceTree = SOURCE_ROOT; };
		2E98FE151FE979CD0080EA10 /* VisionConstants.mm */ = {isa = PBXFileReference; lastKnownFileType = sourcecode.cpp.objcpp; name = VisionConstants.mm; path = "Pacman Agent/vision_helpers/VisionConstants.mm"; sourceTree = SOURCE_ROOT; };
		2E98FE171FE97A000080EA10 /* TileMatcher+Descriptions.h */ = {isa = PBXFileReference; fileEncoding = 4; lastKnownFileType = sourcecode.c.h; name = "TileMatcher+Descriptions.h"; path = "Pacman Agent/vision_helpers/TileMatcher+Descriptions.h"; sourceTree = SOURCE_ROOT; };
		2E98FE181FE97A000080EA10 /* TileMatcher+Descriptions.mm */ = {isa = PBXFileReference; fileEncoding = 4; lastKnownFileType = sourcecode.cpp.objcpp; name = "TileMatcher+Descriptions.mm"; path = "Pacman Agent/vision_helpers/TileMatcher+Descriptions.mm"; sourceTree = SOURCE_ROOT; };
		2ECB2E9D1FD8568700A81539 /* AgentSettingsViewController.swift */ = {isa = PBXFileReference; fileEncoding = 4; lastKnownFileType = sourcecode.swift; path = AgentSettingsViewController.swift; sourceTree = "<group>"; };
		2ECB2EA21FD8574300A81539 /* RootWindowController.swift */ = {isa = PBXFileReference; lastKnownFileType = sourcecode.swift; path = RootWindowController.swift; sourceTree = "<group>"; };
		2ECB2EA41FD8581B00A81539 /* ImageClassifierViewController.swift */ = {isa = PBXFileReference; lastKnownFileType = sourcecode.swift; path = ImageClassifierViewController.swift; sourceTree = "<group>"; };
		2ECB2EA81FD870EE00A81539 /* SettingsCell.swift */ = {isa = PBXFileReference; lastKnownFileType = sourcecode.swift; path = SettingsCell.swift; sourceTree = "<group>"; };
		2ECB2EAA1FD8803000A81539 /* CheckboxSettingCell.swift */ = {isa = PBXFileReference; lastKnownFileType = sourcecode.swift; path = CheckboxSettingCell.swift; sourceTree = "<group>"; };
		2ECB2EAC1FD8838300A81539 /* NSView+Extensions.swift */ = {isa = PBXFileReference; lastKnownFileType = sourcecode.swift; path = "NSView+Extensions.swift"; sourceTree = "<group>"; };
		2ECB2EAE1FD8875900A81539 /* Settings.swift */ = {isa = PBXFileReference; lastKnownFileType = sourcecode.swift; path = Settings.swift; sourceTree = "<group>"; };
		2ECB2EB01FD88A5100A81539 /* NumericalInputSettingCell.swift */ = {isa = PBXFileReference; lastKnownFileType = sourcecode.swift; path = NumericalInputSettingCell.swift; sourceTree = "<group>"; };
		2ECB2EB21FD8911100A81539 /* NSTextField+Extensions.swift */ = {isa = PBXFileReference; lastKnownFileType = sourcecode.swift; path = "NSTextField+Extensions.swift"; sourceTree = "<group>"; };
		2ECB2EB71FD8B9CB00A81539 /* libtensorflow-core.a */ = {isa = PBXFileReference; lastKnownFileType = archive.ar; name = "libtensorflow-core.a"; path = "../../../../tensorflow/tensorflow/tensorflow/contrib/makefile/gen/lib/libtensorflow-core.a"; sourceTree = "<group>"; };
		2ECB2EB91FD8BC3800A81539 /* libprotobuf-lite.a */ = {isa = PBXFileReference; lastKnownFileType = archive.ar; name = "libprotobuf-lite.a"; path = "../../../../tensorflow/tensorflow/tensorflow/contrib/makefile/gen/protobuf/lib/libprotobuf-lite.a"; sourceTree = "<group>"; };
		2ECB2EBA1FD8BC3800A81539 /* libprotobuf.a */ = {isa = PBXFileReference; lastKnownFileType = archive.ar; name = libprotobuf.a; path = ../../../../tensorflow/tensorflow/tensorflow/contrib/makefile/gen/protobuf/lib/libprotobuf.a; sourceTree = "<group>"; };
		2ECB2EBD1FD8BD7900A81539 /* Accelerate.framework */ = {isa = PBXFileReference; lastKnownFileType = wrapper.framework; name = Accelerate.framework; path = System/Library/Frameworks/Accelerate.framework; sourceTree = SDKROOT; };
		2ECB2EC51FD8C36F00A81539 /* nsync.a */ = {isa = PBXFileReference; lastKnownFileType = archive.ar; name = nsync.a; path = "../../../../tensorflow/tensorflow/tensorflow/contrib/makefile/downloads/nsync/builds/default.macos.c++11/nsync.a"; sourceTree = "<group>"; };
		2ECB2EC71FDA523300A81539 /* TileMatcher.h */ = {isa = PBXFileReference; lastKnownFileType = sourcecode.c.h; name = TileMatcher.h; path = "Pacman Agent/vision_helpers/TileMatcher.h"; sourceTree = SOURCE_ROOT; };
		2ECB2EC81FDA523300A81539 /* TileMatcher.mm */ = {isa = PBXFileReference; lastKnownFileType = sourcecode.cpp.objcpp; name = TileMatcher.mm; path = "Pacman Agent/vision_helpers/TileMatcher.mm"; sourceTree = SOURCE_ROOT; };
		2EFCDBB31FE9EC4C009C15E7 /* TileDebugTextView.swift */ = {isa = PBXFileReference; lastKnownFileType = sourcecode.swift; path = TileDebugTextView.swift; sourceTree = "<group>"; };
		2EFCDBB51FEB6AD3009C15E7 /* DataCleanerViewController.swift */ = {isa = PBXFileReference; lastKnownFileType = sourcecode.swift; path = DataCleanerViewController.swift; sourceTree = "<group>"; };
		2EFCDBB71FEB6B01009C15E7 /* ClassificationSelectionView.swift */ = {isa = PBXFileReference; lastKnownFileType = sourcecode.swift; path = ClassificationSelectionView.swift; sourceTree = "<group>"; };
		2EFCDBC01FEDAA8A009C15E7 /* PipelineNode.swift */ = {isa = PBXFileReference; fileEncoding = 4; lastKnownFileType = sourcecode.swift; name = PipelineNode.swift; path = "Pacman Agent/pipeline/PipelineNode.swift"; sourceTree = SOURCE_ROOT; };
		2EFCDBC21FEDAAAD009C15E7 /* WindowCaptureNode.swift */ = {isa = PBXFileReference; lastKnownFileType = sourcecode.swift; path = WindowCaptureNode.swift; sourceTree = "<group>"; };
		2EFCDBC61FEDABE3009C15E7 /* Pipeline.swift */ = {isa = PBXFileReference; lastKnownFileType = sourcecode.swift; name = Pipeline.swift; path = "Pacman Agent/pipeline/Pipeline.swift"; sourceTree = SOURCE_ROOT; };
		2EFCDBC81FEDAC1E009C15E7 /* WindowSliderNode.swift */ = {isa = PBXFileReference; lastKnownFileType = sourcecode.swift; path = WindowSliderNode.swift; sourceTree = "<group>"; };
		2EFCDBCA1FEDAC2B009C15E7 /* TileClassifierNode.swift */ = {isa = PBXFileReference; lastKnownFileType = sourcecode.swift; path = TileClassifierNode.swift; sourceTree = "<group>"; };
		2EFCDBCC1FEDAC3A009C15E7 /* UnknownTileSaverNode.swift */ = {isa = PBXFileReference; lastKnownFileType = sourcecode.swift; path = UnknownTileSaverNode.swift; sourceTree = "<group>"; };
		2EFCDBCE1FEDAC59009C15E7 /* VisionTrainingCollectionNode.swift */ = {isa = PBXFileReference; lastKnownFileType = sourcecode.swift; path = VisionTrainingCollectionNode.swift; sourceTree = "<group>"; };
		2EFCDBD01FEDAC72009C15E7 /* DebugProcessingNode.swift */ = {isa = PBXFileReference; lastKnownFileType = sourcecode.swift; path = DebugProcessingNode.swift; sourceTree = "<group>"; };
		2EFCDBD41FEF524B009C15E7 /* VisionPipeline.swift */ = {isa = PBXFileReference; fileEncoding = 4; lastKnownFileType = sourcecode.swift; path = VisionPipeline.swift; sourceTree = "<group>"; };
		2EFCDBD71FEF6768009C15E7 /* DatasetManager.swift */ = {isa = PBXFileReference; lastKnownFileType = sourcecode.swift; path = DatasetManager.swift; sourceTree = "<group>"; };
/* End PBXFileReference section */

/* Begin PBXFrameworksBuildPhase section */
		2E7AA09D1FCFB84200E51EA9 /* Frameworks */ = {
			isa = PBXFrameworksBuildPhase;
			buildActionMask = 2147483647;
			files = (
				2ECB2EC61FD8C36F00A81539 /* nsync.a in Frameworks */,
				2ECB2EBE1FD8BD8000A81539 /* Accelerate.framework in Frameworks */,
				2ECB2EBB1FD8BC3800A81539 /* libprotobuf-lite.a in Frameworks */,
				2ECB2EBC1FD8BC3800A81539 /* libprotobuf.a in Frameworks */,
				2ECB2EB81FD8B9CB00A81539 /* libtensorflow-core.a in Frameworks */,
			);
			runOnlyForDeploymentPostprocessing = 0;
		};
		2E7AA0AF1FCFB84200E51EA9 /* Frameworks */ = {
			isa = PBXFrameworksBuildPhase;
			buildActionMask = 2147483647;
			files = (
			);
			runOnlyForDeploymentPostprocessing = 0;
		};
/* End PBXFrameworksBuildPhase section */

/* Begin PBXGroup section */
		2E7AA0971FCFB84200E51EA9 = {
			isa = PBXGroup;
			children = (
				2E7AA0A21FCFB84200E51EA9 /* Pacman Agent */,
				2E7AA0B51FCFB84200E51EA9 /* Pacman AgentTests */,
				2E7AA0A11FCFB84200E51EA9 /* Products */,
				2ECB2EB61FD8B9CA00A81539 /* Frameworks */,
			);
			sourceTree = "<group>";
		};
		2E7AA0A11FCFB84200E51EA9 /* Products */ = {
			isa = PBXGroup;
			children = (
				2E7AA0A01FCFB84200E51EA9 /* Pacman Agent.app */,
				2E7AA0B21FCFB84200E51EA9 /* Pacman AgentTests.xctest */,
			);
			name = Products;
			sourceTree = "<group>";
		};
		2E7AA0A21FCFB84200E51EA9 /* Pacman Agent */ = {
			isa = PBXGroup;
			children = (
				2E7AA0CB1FD31D3100E51EA9 /* Pacman Agent.entitlements */,
				2E7AA0A31FCFB84200E51EA9 /* AppDelegate.swift */,
				2E7AA0CE1FD51FE700E51EA9 /* game_controls */,
				2EFCDBBF1FEDA8A6009C15E7 /* pipeline */,
				2E7AA0D71FD51FE700E51EA9 /* shared */,
				2E7AA0D01FD51FE700E51EA9 /* ui */,
				2EFCDBC51FEDAABA009C15E7 /* vision */,
				2EFCDBD61FEF64A1009C15E7 /* vision_helpers */,
				2E7AA0A71FCFB84200E51EA9 /* Assets.xcassets */,
				2E7AA0A91FCFB84200E51EA9 /* Main.storyboard */,
				2E7AA0AC1FCFB84200E51EA9 /* Info.plist */,
				2E7AA0AD1FCFB84200E51EA9 /* Pacman_Agent.entitlements */,
				2E7AA0C51FD1FEEB00E51EA9 /* Pacman Agent-Bridging-Header.h */,
			);
			path = "Pacman Agent";
			sourceTree = "<group>";
		};
		2E7AA0B51FCFB84200E51EA9 /* Pacman AgentTests */ = {
			isa = PBXGroup;
			children = (
				2E7AA0B61FCFB84200E51EA9 /* Pacman_AgentTests.swift */,
				2E7AA0B81FCFB84200E51EA9 /* Info.plist */,
			);
			path = "Pacman AgentTests";
			sourceTree = "<group>";
		};
		2E7AA0CE1FD51FE700E51EA9 /* game_controls */ = {
			isa = PBXGroup;
			children = (
				2E7AA0CF1FD51FE700E51EA9 /* ApplicationManager.swift */,
			);
			path = game_controls;
			sourceTree = "<group>";
		};
		2E7AA0D01FD51FE700E51EA9 /* ui */ = {
			isa = PBXGroup;
			children = (
				2ECB2E9D1FD8568700A81539 /* AgentSettingsViewController.swift */,
				2EFCDBB51FEB6AD3009C15E7 /* DataCleanerViewController.swift */,
				2ECB2EA21FD8574300A81539 /* RootWindowController.swift */,
				2ECB2EA41FD8581B00A81539 /* ImageClassifierViewController.swift */,
				2ECB2EA81FD870EE00A81539 /* SettingsCell.swift */,
				2ECB2EAA1FD8803000A81539 /* CheckboxSettingCell.swift */,
				2ECB2EB01FD88A5100A81539 /* NumericalInputSettingCell.swift */,
				2ECB2EAC1FD8838300A81539 /* NSView+Extensions.swift */,
				2ECB2EB21FD8911100A81539 /* NSTextField+Extensions.swift */,
				2EFCDBB31FE9EC4C009C15E7 /* TileDebugTextView.swift */,
				2EFCDBB71FEB6B01009C15E7 /* ClassificationSelectionView.swift */,
			);
			path = ui;
			sourceTree = "<group>";
		};
		2E7AA0D71FD51FE700E51EA9 /* shared */ = {
			isa = PBXGroup;
			children = (
				2E7AA0D81FD51FE700E51EA9 /* GameConstants.swift */,
				2E7AA0E11FD5215400E51EA9 /* GameTile.swift */,
				2ECB2EAE1FD8875900A81539 /* Settings.swift */,
				2E7AA0D31FD51FE700E51EA9 /* NSImage+Extensions.swift */,
				2EFCDBD71FEF6768009C15E7 /* DatasetManager.swift */,
			);
			path = shared;
			sourceTree = "<group>";
		};
		2ECB2EB61FD8B9CA00A81539 /* Frameworks */ = {
			isa = PBXGroup;
			children = (
				2ECB2EC51FD8C36F00A81539 /* nsync.a */,
				2ECB2EBD1FD8BD7900A81539 /* Accelerate.framework */,
				2ECB2EB91FD8BC3800A81539 /* libprotobuf-lite.a */,
				2ECB2EBA1FD8BC3800A81539 /* libprotobuf.a */,
				2ECB2EB71FD8B9CB00A81539 /* libtensorflow-core.a */,
			);
			name = Frameworks;
			sourceTree = "<group>";
		};
		2EFCDBBF1FEDA8A6009C15E7 /* pipeline */ = {
			isa = PBXGroup;
			children = (
				2EFCDBC01FEDAA8A009C15E7 /* PipelineNode.swift */,
				2EFCDBC61FEDABE3009C15E7 /* Pipeline.swift */,
			);
			name = pipeline;
			path = "New Group";
			sourceTree = "<group>";
		};
		2EFCDBC51FEDAABA009C15E7 /* vision */ = {
			isa = PBXGroup;
			children = (
				2EFCDBC21FEDAAAD009C15E7 /* WindowCaptureNode.swift */,
				2EFCDBC81FEDAC1E009C15E7 /* WindowSliderNode.swift */,
				2EFCDBCA1FEDAC2B009C15E7 /* TileClassifierNode.swift */,
				2EFCDBCC1FEDAC3A009C15E7 /* UnknownTileSaverNode.swift */,
				2EFCDBCE1FEDAC59009C15E7 /* VisionTrainingCollectionNode.swift */,
				2EFCDBD01FEDAC72009C15E7 /* DebugProcessingNode.swift */,
				2EFCDBD41FEF524B009C15E7 /* VisionPipeline.swift */,
			);
			path = vision;
			sourceTree = "<group>";
		};
		2EFCDBD61FEF64A1009C15E7 /* vision_helpers */ = {
			isa = PBXGroup;
			children = (
				2E7AA0D41FD51FE700E51EA9 /* WindowCapture.swift */,
				2E7AA0D51FD51FE700E51EA9 /* WindowCaptureHelper.m */,
				2E7AA0D61FD51FE700E51EA9 /* WindowCaptureHelper.h */,
				2E7AA0E51FD71E8A00E51EA9 /* WindowSliderHelper.h */,
				2E7AA0E61FD71E8A00E51EA9 /* WindowSliderHelper.m */,
				2E98FE141FE979CD0080EA10 /* VisionConstants.h */,
				2E98FE151FE979CD0080EA10 /* VisionConstants.mm */,
				2ECB2EC71FDA523300A81539 /* TileMatcher.h */,
				2ECB2EC81FDA523300A81539 /* TileMatcher.mm */,
				2E98FE171FE97A000080EA10 /* TileMatcher+Descriptions.h */,
				2E98FE181FE97A000080EA10 /* TileMatcher+Descriptions.mm */,
			);
			path = vision_helpers;
			sourceTree = "<group>";
		};
/* End PBXGroup section */

/* Begin PBXNativeTarget section */
		2E7AA09F1FCFB84200E51EA9 /* Pacman Agent */ = {
			isa = PBXNativeTarget;
			buildConfigurationList = 2E7AA0BB1FCFB84200E51EA9 /* Build configuration list for PBXNativeTarget "Pacman Agent" */;
			buildPhases = (
				2E7AA09C1FCFB84200E51EA9 /* Sources */,
				2E7AA09D1FCFB84200E51EA9 /* Frameworks */,
				2E7AA09E1FCFB84200E51EA9 /* Resources */,
			);
			buildRules = (
			);
			dependencies = (
			);
			name = "Pacman Agent";
			productName = "Pacman Agent";
			productReference = 2E7AA0A01FCFB84200E51EA9 /* Pacman Agent.app */;
			productType = "com.apple.product-type.application";
		};
		2E7AA0B11FCFB84200E51EA9 /* Pacman AgentTests */ = {
			isa = PBXNativeTarget;
			buildConfigurationList = 2E7AA0BE1FCFB84200E51EA9 /* Build configuration list for PBXNativeTarget "Pacman AgentTests" */;
			buildPhases = (
				2E7AA0AE1FCFB84200E51EA9 /* Sources */,
				2E7AA0AF1FCFB84200E51EA9 /* Frameworks */,
				2E7AA0B01FCFB84200E51EA9 /* Resources */,
			);
			buildRules = (
			);
			dependencies = (
				2E7AA0B41FCFB84200E51EA9 /* PBXTargetDependency */,
			);
			name = "Pacman AgentTests";
			productName = "Pacman AgentTests";
			productReference = 2E7AA0B21FCFB84200E51EA9 /* Pacman AgentTests.xctest */;
			productType = "com.apple.product-type.bundle.unit-test";
		};
/* End PBXNativeTarget section */

/* Begin PBXProject section */
		2E7AA0981FCFB84200E51EA9 /* Project object */ = {
			isa = PBXProject;
			attributes = {
				LastSwiftUpdateCheck = 0910;
				LastUpgradeCheck = 0910;
				ORGANIZATIONNAME = "Jack Arendt";
				TargetAttributes = {
					2E7AA09F1FCFB84200E51EA9 = {
						CreatedOnToolsVersion = 9.1;
						LastSwiftMigration = 0910;
						ProvisioningStyle = Automatic;
						SystemCapabilities = {
							com.apple.Sandbox = {
								enabled = 0;
							};
						};
					};
					2E7AA0B11FCFB84200E51EA9 = {
						CreatedOnToolsVersion = 9.1;
						ProvisioningStyle = Automatic;
						TestTargetID = 2E7AA09F1FCFB84200E51EA9;
					};
				};
			};
			buildConfigurationList = 2E7AA09B1FCFB84200E51EA9 /* Build configuration list for PBXProject "Pacman Agent" */;
			compatibilityVersion = "Xcode 8.0";
			developmentRegion = en;
			hasScannedForEncodings = 0;
			knownRegions = (
				en,
				Base,
			);
			mainGroup = 2E7AA0971FCFB84200E51EA9;
			productRefGroup = 2E7AA0A11FCFB84200E51EA9 /* Products */;
			projectDirPath = "";
			projectRoot = "";
			targets = (
				2E7AA09F1FCFB84200E51EA9 /* Pacman Agent */,
				2E7AA0B11FCFB84200E51EA9 /* Pacman AgentTests */,
			);
		};
/* End PBXProject section */

/* Begin PBXResourcesBuildPhase section */
		2E7AA09E1FCFB84200E51EA9 /* Resources */ = {
			isa = PBXResourcesBuildPhase;
			buildActionMask = 2147483647;
			files = (
				2E7AA0A81FCFB84200E51EA9 /* Assets.xcassets in Resources */,
				2E7AA0AB1FCFB84200E51EA9 /* Main.storyboard in Resources */,
			);
			runOnlyForDeploymentPostprocessing = 0;
		};
		2E7AA0B01FCFB84200E51EA9 /* Resources */ = {
			isa = PBXResourcesBuildPhase;
			buildActionMask = 2147483647;
			files = (
			);
			runOnlyForDeploymentPostprocessing = 0;
		};
/* End PBXResourcesBuildPhase section */

/* Begin PBXSourcesBuildPhase section */
		2E7AA09C1FCFB84200E51EA9 /* Sources */ = {
			isa = PBXSourcesBuildPhase;
			buildActionMask = 2147483647;
			files = (
				2ECB2EAB1FD8803000A81539 /* CheckboxSettingCell.swift in Sources */,
				2EFCDBC11FEDAA8B009C15E7 /* PipelineNode.swift in Sources */,
				2ECB2EC91FDA523300A81539 /* TileMatcher.mm in Sources */,
				2ECB2EA91FD870EE00A81539 /* SettingsCell.swift in Sources */,
				2EFCDBD81FEF6768009C15E7 /* DatasetManager.swift in Sources */,
				2EFCDBB81FEB6B01009C15E7 /* ClassificationSelectionView.swift in Sources */,
				2EFCDBB61FEB6AD3009C15E7 /* DataCleanerViewController.swift in Sources */,
				2ECB2EA31FD8574300A81539 /* RootWindowController.swift in Sources */,
				2EFCDBCF1FEDAC59009C15E7 /* VisionTrainingCollectionNode.swift in Sources */,
				2E7AA0E21FD5215400E51EA9 /* GameTile.swift in Sources */,
				2EFCDBC71FEDABE3009C15E7 /* Pipeline.swift in Sources */,
				2E98FE191FE97A000080EA10 /* TileMatcher+Descriptions.mm in Sources */,
				2E7AA0E71FD71E8A00E51EA9 /* WindowSliderHelper.m in Sources */,
				2ECB2E9E1FD8568700A81539 /* AgentSettingsViewController.swift in Sources */,
				2E7AA0D91FD51FE700E51EA9 /* ApplicationManager.swift in Sources */,
				2EFCDBC91FEDAC1E009C15E7 /* WindowSliderNode.swift in Sources */,
				2ECB2EAD1FD8838300A81539 /* NSView+Extensions.swift in Sources */,
				2EFCDBB41FE9EC4C009C15E7 /* TileDebugTextView.swift in Sources */,
				2E98FE161FE979CD0080EA10 /* VisionConstants.mm in Sources */,
				2EFCDBCD1FEDAC3A009C15E7 /* UnknownTileSaverNode.swift in Sources */,
				2EFCDBC31FEDAAAD009C15E7 /* WindowCaptureNode.swift in Sources */,
				2EFCDBCB1FEDAC2B009C15E7 /* TileClassifierNode.swift in Sources */,
				2ECB2EAF1FD8875900A81539 /* Settings.swift in Sources */,
				2E7AA0A41FCFB84200E51EA9 /* AppDelegate.swift in Sources */,
				2E7AA0DD1FD51FE700E51EA9 /* WindowCaptureHelper.m in Sources */,
				2EFCDBD51FEF524B009C15E7 /* VisionPipeline.swift in Sources */,
				2E7AA0DC1FD51FE700E51EA9 /* WindowCapture.swift in Sources */,
				2ECB2EB11FD88A5100A81539 /* NumericalInputSettingCell.swift in Sources */,
				2ECB2EA51FD8581B00A81539 /* ImageClassifierViewController.swift in Sources */,
				2E7AA0DE1FD51FE700E51EA9 /* GameConstants.swift in Sources */,
				2ECB2EB31FD8911100A81539 /* NSTextField+Extensions.swift in Sources */,
				2EFCDBD11FEDAC72009C15E7 /* DebugProcessingNode.swift in Sources */,
				2E7AA0DB1FD51FE700E51EA9 /* NSImage+Extensions.swift in Sources */,
			);
			runOnlyForDeploymentPostprocessing = 0;
		};
		2E7AA0AE1FCFB84200E51EA9 /* Sources */ = {
			isa = PBXSourcesBuildPhase;
			buildActionMask = 2147483647;
			files = (
				2E7AA0B71FCFB84200E51EA9 /* Pacman_AgentTests.swift in Sources */,
			);
			runOnlyForDeploymentPostprocessing = 0;
		};
/* End PBXSourcesBuildPhase section */

/* Begin PBXTargetDependency section */
		2E7AA0B41FCFB84200E51EA9 /* PBXTargetDependency */ = {
			isa = PBXTargetDependency;
			target = 2E7AA09F1FCFB84200E51EA9 /* Pacman Agent */;
			targetProxy = 2E7AA0B31FCFB84200E51EA9 /* PBXContainerItemProxy */;
		};
/* End PBXTargetDependency section */

/* Begin PBXVariantGroup section */
		2E7AA0A91FCFB84200E51EA9 /* Main.storyboard */ = {
			isa = PBXVariantGroup;
			children = (
				2E7AA0AA1FCFB84200E51EA9 /* Base */,
			);
			name = Main.storyboard;
			sourceTree = "<group>";
		};
/* End PBXVariantGroup section */

/* Begin XCBuildConfiguration section */
		2E7AA0B91FCFB84200E51EA9 /* Debug */ = {
			isa = XCBuildConfiguration;
			buildSettings = {
				ALWAYS_SEARCH_USER_PATHS = NO;
				CLANG_ANALYZER_NONNULL = YES;
				CLANG_ANALYZER_NUMBER_OBJECT_CONVERSION = YES_AGGRESSIVE;
				CLANG_CXX_LANGUAGE_STANDARD = "gnu++14";
				CLANG_CXX_LIBRARY = "libc++";
				CLANG_ENABLE_MODULES = YES;
				CLANG_ENABLE_OBJC_ARC = YES;
				CLANG_WARN_BLOCK_CAPTURE_AUTORELEASING = YES;
				CLANG_WARN_BOOL_CONVERSION = YES;
				CLANG_WARN_COMMA = YES;
				CLANG_WARN_CONSTANT_CONVERSION = YES;
				CLANG_WARN_DIRECT_OBJC_ISA_USAGE = YES_ERROR;
				CLANG_WARN_DOCUMENTATION_COMMENTS = YES;
				CLANG_WARN_EMPTY_BODY = YES;
				CLANG_WARN_ENUM_CONVERSION = YES;
				CLANG_WARN_INFINITE_RECURSION = YES;
				CLANG_WARN_INT_CONVERSION = YES;
				CLANG_WARN_NON_LITERAL_NULL_CONVERSION = YES;
				CLANG_WARN_OBJC_LITERAL_CONVERSION = YES;
				CLANG_WARN_OBJC_ROOT_CLASS = YES_ERROR;
				CLANG_WARN_RANGE_LOOP_ANALYSIS = YES;
				CLANG_WARN_STRICT_PROTOTYPES = YES;
				CLANG_WARN_SUSPICIOUS_MOVE = YES;
				CLANG_WARN_UNGUARDED_AVAILABILITY = YES_AGGRESSIVE;
				CLANG_WARN_UNREACHABLE_CODE = YES;
				CLANG_WARN__DUPLICATE_METHOD_MATCH = YES;
				CODE_SIGN_IDENTITY = "Mac Developer";
				COPY_PHASE_STRIP = NO;
				DEBUG_INFORMATION_FORMAT = dwarf;
				ENABLE_STRICT_OBJC_MSGSEND = YES;
				ENABLE_TESTABILITY = YES;
				GCC_C_LANGUAGE_STANDARD = gnu11;
				GCC_DYNAMIC_NO_PIC = NO;
				GCC_NO_COMMON_BLOCKS = YES;
				GCC_OPTIMIZATION_LEVEL = 0;
				GCC_PREPROCESSOR_DEFINITIONS = (
					"DEBUG=1",
					"$(inherited)",
				);
				GCC_WARN_64_TO_32_BIT_CONVERSION = YES;
				GCC_WARN_ABOUT_RETURN_TYPE = YES_ERROR;
				GCC_WARN_UNDECLARED_SELECTOR = YES;
				GCC_WARN_UNINITIALIZED_AUTOS = YES_AGGRESSIVE;
				GCC_WARN_UNUSED_FUNCTION = YES;
				GCC_WARN_UNUSED_VARIABLE = YES;
				MACOSX_DEPLOYMENT_TARGET = 10.13;
				MTL_ENABLE_DEBUG_INFO = YES;
				ONLY_ACTIVE_ARCH = YES;
				SDKROOT = macosx;
				SWIFT_ACTIVE_COMPILATION_CONDITIONS = DEBUG;
				SWIFT_OPTIMIZATION_LEVEL = "-Onone";
			};
			name = Debug;
		};
		2E7AA0BA1FCFB84200E51EA9 /* Release */ = {
			isa = XCBuildConfiguration;
			buildSettings = {
				ALWAYS_SEARCH_USER_PATHS = NO;
				CLANG_ANALYZER_NONNULL = YES;
				CLANG_ANALYZER_NUMBER_OBJECT_CONVERSION = YES_AGGRESSIVE;
				CLANG_CXX_LANGUAGE_STANDARD = "gnu++14";
				CLANG_CXX_LIBRARY = "libc++";
				CLANG_ENABLE_MODULES = YES;
				CLANG_ENABLE_OBJC_ARC = YES;
				CLANG_WARN_BLOCK_CAPTURE_AUTORELEASING = YES;
				CLANG_WARN_BOOL_CONVERSION = YES;
				CLANG_WARN_COMMA = YES;
				CLANG_WARN_CONSTANT_CONVERSION = YES;
				CLANG_WARN_DIRECT_OBJC_ISA_USAGE = YES_ERROR;
				CLANG_WARN_DOCUMENTATION_COMMENTS = YES;
				CLANG_WARN_EMPTY_BODY = YES;
				CLANG_WARN_ENUM_CONVERSION = YES;
				CLANG_WARN_INFINITE_RECURSION = YES;
				CLANG_WARN_INT_CONVERSION = YES;
				CLANG_WARN_NON_LITERAL_NULL_CONVERSION = YES;
				CLANG_WARN_OBJC_LITERAL_CONVERSION = YES;
				CLANG_WARN_OBJC_ROOT_CLASS = YES_ERROR;
				CLANG_WARN_RANGE_LOOP_ANALYSIS = YES;
				CLANG_WARN_STRICT_PROTOTYPES = YES;
				CLANG_WARN_SUSPICIOUS_MOVE = YES;
				CLANG_WARN_UNGUARDED_AVAILABILITY = YES_AGGRESSIVE;
				CLANG_WARN_UNREACHABLE_CODE = YES;
				CLANG_WARN__DUPLICATE_METHOD_MATCH = YES;
				CODE_SIGN_IDENTITY = "Mac Developer";
				COPY_PHASE_STRIP = NO;
				DEBUG_INFORMATION_FORMAT = "dwarf-with-dsym";
				ENABLE_NS_ASSERTIONS = NO;
				ENABLE_STRICT_OBJC_MSGSEND = YES;
				GCC_C_LANGUAGE_STANDARD = gnu11;
				GCC_NO_COMMON_BLOCKS = YES;
				GCC_WARN_64_TO_32_BIT_CONVERSION = YES;
				GCC_WARN_ABOUT_RETURN_TYPE = YES_ERROR;
				GCC_WARN_UNDECLARED_SELECTOR = YES;
				GCC_WARN_UNINITIALIZED_AUTOS = YES_AGGRESSIVE;
				GCC_WARN_UNUSED_FUNCTION = YES;
				GCC_WARN_UNUSED_VARIABLE = YES;
				MACOSX_DEPLOYMENT_TARGET = 10.13;
				MTL_ENABLE_DEBUG_INFO = NO;
				SDKROOT = macosx;
				SWIFT_OPTIMIZATION_LEVEL = "-Owholemodule";
			};
			name = Release;
		};
		2E7AA0BC1FCFB84200E51EA9 /* Debug */ = {
			isa = XCBuildConfiguration;
			buildSettings = {
				ASSETCATALOG_COMPILER_APPICON_NAME = AppIcon;
				CLANG_CXX_LANGUAGE_STANDARD = "gnu++14";
				CLANG_CXX_LIBRARY = "libc++";
				CLANG_ENABLE_MODULES = YES;
				CLANG_WARN_DOCUMENTATION_COMMENTS = NO;
				CODE_SIGN_STYLE = Automatic;
				COMBINE_HIDPI_IMAGES = YES;
				DEVELOPMENT_TEAM = 35RV9RPQY7;
				HEADER_SEARCH_PATHS = (
					/Users/jackarendt/tensorflow/tensorflow/tensorflow/contrib/makefile/gen/proto,
					/Users/jackarendt/tensorflow/tensorflow/tensorflow/contrib/makefile/downloads/eigen,
					/Users/jackarendt/tensorflow/tensorflow/tensorflow/contrib/makefile/downloads,
					/Users/jackarendt/tensorflow/tensorflow/tensorflow/contrib/makefile/downloads/protobuf/src,
					/Users/jackarendt/tensorflow/tensorflow,
				);
				INFOPLIST_FILE = "Pacman Agent/Info.plist";
				LD_RUNPATH_SEARCH_PATHS = "$(inherited) @executable_path/../Frameworks";
				LIBRARY_SEARCH_PATHS = (
					/Users/jackarendt/tensorflow/tensorflow/tensorflow/contrib/makefile/gen/protobuf/lib,
					/Users/jackarendt/tensorflow/tensorflow/tensorflow/contrib/makefile/gen/lib,
					"/Users/jackarendt/tensorflow/tensorflow/tensorflow/contrib/makefile/downloads/nsync/builds/default.macos.c++11",
				);
				OTHER_LDFLAGS = (
					"-force_load",
					"/Users/jackarendt/tensorflow/tensorflow/tensorflow/contrib/makefile/gen/lib/libtensorflow-core.a",
					"/Users/jackarendt/tensorflow/tensorflow/tensorflow/contrib/makefile/downloads/nsync/builds/default.macos.c++11/nsync.a",
					"/Users/jackarendt/tensorflow/tensorflow/tensorflow/contrib/makefile/gen/protobuf/lib/libprotobuf-lite.a",
					/Users/jackarendt/tensorflow/tensorflow/tensorflow/contrib/makefile/gen/protobuf/lib/libprotobuf.a,
				);
				PRODUCT_BUNDLE_IDENTIFIER = "com.jackarendt.pacman-agent";
				PRODUCT_NAME = "$(TARGET_NAME)";
				SWIFT_OBJC_BRIDGING_HEADER = "Pacman Agent/Pacman Agent-Bridging-Header.h";
				SWIFT_OPTIMIZATION_LEVEL = "-Onone";
				SWIFT_VERSION = 4.0;
				VALID_ARCHS = x86_64;
			};
			name = Debug;
		};
		2E7AA0BD1FCFB84200E51EA9 /* Release */ = {
			isa = XCBuildConfiguration;
			buildSettings = {
				ASSETCATALOG_COMPILER_APPICON_NAME = AppIcon;
				CLANG_CXX_LANGUAGE_STANDARD = "gnu++14";
				CLANG_CXX_LIBRARY = "libc++";
				CLANG_ENABLE_MODULES = YES;
				CLANG_WARN_DOCUMENTATION_COMMENTS = NO;
				CODE_SIGN_STYLE = Automatic;
				COMBINE_HIDPI_IMAGES = YES;
				DEVELOPMENT_TEAM = 35RV9RPQY7;
				HEADER_SEARCH_PATHS = (
					/Users/jackarendt/tensorflow/tensorflow/tensorflow/contrib/makefile/gen/proto,
					/Users/jackarendt/tensorflow/tensorflow/tensorflow/contrib/makefile/downloads/eigen,
					/Users/jackarendt/tensorflow/tensorflow/tensorflow/contrib/makefile/downloads,
					/Users/jackarendt/tensorflow/tensorflow/tensorflow/contrib/makefile/downloads/protobuf/src,
					/Users/jackarendt/tensorflow/tensorflow,
				);
				INFOPLIST_FILE = "Pacman Agent/Info.plist";
				LD_RUNPATH_SEARCH_PATHS = "$(inherited) @executable_path/../Frameworks";
				LIBRARY_SEARCH_PATHS = (
					/Users/jackarendt/tensorflow/tensorflow/tensorflow/contrib/makefile/gen/protobuf/lib,
					/Users/jackarendt/tensorflow/tensorflow/tensorflow/contrib/makefile/gen/lib,
					"/Users/jackarendt/tensorflow/tensorflow/tensorflow/contrib/makefile/downloads/nsync/builds/default.macos.c++11",
				);
				OTHER_LDFLAGS = (
					"-force_load",
					"/Users/jackarendt/tensorflow/tensorflow/tensorflow/contrib/makefile/gen/lib/libtensorflow-core.a",
					"/Users/jackarendt/tensorflow/tensorflow/tensorflow/contrib/makefile/downloads/nsync/builds/default.macos.c++11/nsync.a",
					"/Users/jackarendt/tensorflow/tensorflow/tensorflow/contrib/makefile/gen/protobuf/lib/libprotobuf-lite.a",
					/Users/jackarendt/tensorflow/tensorflow/tensorflow/contrib/makefile/gen/protobuf/lib/libprotobuf.a,
				);
				PRODUCT_BUNDLE_IDENTIFIER = "com.jackarendt.pacman-agent";
				PRODUCT_NAME = "$(TARGET_NAME)";
				SWIFT_OBJC_BRIDGING_HEADER = "Pacman Agent/Pacman Agent-Bridging-Header.h";
				SWIFT_VERSION = 4.0;
				VALID_ARCHS = x86_64;
			};
			name = Release;
		};
		2E7AA0BF1FCFB84200E51EA9 /* Debug */ = {
			isa = XCBuildConfiguration;
			buildSettings = {
				ALWAYS_EMBED_SWIFT_STANDARD_LIBRARIES = YES;
				BUNDLE_LOADER = "$(TEST_HOST)";
				CODE_SIGN_STYLE = Automatic;
				COMBINE_HIDPI_IMAGES = YES;
				DEVELOPMENT_TEAM = 35RV9RPQY7;
				INFOPLIST_FILE = "Pacman AgentTests/Info.plist";
				LD_RUNPATH_SEARCH_PATHS = "$(inherited) @executable_path/../Frameworks @loader_path/../Frameworks";
				PRODUCT_BUNDLE_IDENTIFIER = "com.jackarendt.Pacman-AgentTests";
				PRODUCT_NAME = "$(TARGET_NAME)";
				SWIFT_VERSION = 4.0;
				TEST_HOST = "$(BUILT_PRODUCTS_DIR)/Pacman Agent.app/Contents/MacOS/Pacman Agent";
			};
			name = Debug;
		};
		2E7AA0C01FCFB84200E51EA9 /* Release */ = {
			isa = XCBuildConfiguration;
			buildSettings = {
				ALWAYS_EMBED_SWIFT_STANDARD_LIBRARIES = YES;
				BUNDLE_LOADER = "$(TEST_HOST)";
				CODE_SIGN_STYLE = Automatic;
				COMBINE_HIDPI_IMAGES = YES;
				DEVELOPMENT_TEAM = 35RV9RPQY7;
				INFOPLIST_FILE = "Pacman AgentTests/Info.plist";
				LD_RUNPATH_SEARCH_PATHS = "$(inherited) @executable_path/../Frameworks @loader_path/../Frameworks";
				PRODUCT_BUNDLE_IDENTIFIER = "com.jackarendt.Pacman-AgentTests";
				PRODUCT_NAME = "$(TARGET_NAME)";
				SWIFT_VERSION = 4.0;
				TEST_HOST = "$(BUILT_PRODUCTS_DIR)/Pacman Agent.app/Contents/MacOS/Pacman Agent";
			};
			name = Release;
		};
/* End XCBuildConfiguration section */

/* Begin XCConfigurationList section */
		2E7AA09B1FCFB84200E51EA9 /* Build configuration list for PBXProject "Pacman Agent" */ = {
			isa = XCConfigurationList;
			buildConfigurations = (
				2E7AA0B91FCFB84200E51EA9 /* Debug */,
				2E7AA0BA1FCFB84200E51EA9 /* Release */,
			);
			defaultConfigurationIsVisible = 0;
			defaultConfigurationName = Release;
		};
		2E7AA0BB1FCFB84200E51EA9 /* Build configuration list for PBXNativeTarget "Pacman Agent" */ = {
			isa = XCConfigurationList;
			buildConfigurations = (
				2E7AA0BC1FCFB84200E51EA9 /* Debug */,
				2E7AA0BD1FCFB84200E51EA9 /* Release */,
			);
			defaultConfigurationIsVisible = 0;
			defaultConfigurationName = Release;
		};
		2E7AA0BE1FCFB84200E51EA9 /* Build configuration list for PBXNativeTarget "Pacman AgentTests" */ = {
			isa = XCConfigurationList;
			buildConfigurations = (
				2E7AA0BF1FCFB84200E51EA9 /* Debug */,
				2E7AA0C01FCFB84200E51EA9 /* Release */,
			);
			defaultConfigurationIsVisible = 0;
			defaultConfigurationName = Release;
		};
/* End XCConfigurationList section */
	};
	rootObject = 2E7AA0981FCFB84200E51EA9 /* Project object */;
}
